
Microsoft Visual Studio Solution File, Format Version 12.00
# Visual Studio 2013
VisualStudioVersion = 12.0.30324.0
MinimumVisualStudioVersion = 10.0.40219.1
Project("{FAE04EC0-301F-11D3-BF4B-00C04F79EFBC}") = "xpf.Http", "xpf.Http\xpf.Http.csproj", "{71195711-657D-461B-B3B8-78D4C1B57470}"
EndProject
Project("{FAE04EC0-301F-11D3-BF4B-00C04F79EFBC}") = "xpf.Http.Spec", "xpf.Http.Spec\xpf.Http.Spec.csproj", "{5B27BE7C-C276-4B84-AD07-0757B4C2EC6D}"
EndProject
Project("{FAE04EC0-301F-11D3-BF4B-00C04F79EFBC}") = "xpf.Http.Extensions", "xpf.Http.Extensions\xpf.Http.Extensions.csproj", "{E507F36D-4E07-4C7F-8816-6713A2DC68C3}"
EndProject
Project("{FAE04EC0-301F-11D3-BF4B-00C04F79EFBC}") = "xpf.Http.Extensions.Spec", "xpf.Http.Extensions.Spec\xpf.Http.Extensions.Spec.csproj", "{B63E3A75-37B5-4AD2-9633-87B4F2DEED20}"
EndProject
Project("{2150E333-8FDC-42A3-9474-1A3956D46DE8}") = "Support Files", "Support Files", "{7B5E191E-1B76-468A-9E32-3599C6E7C692}"
	ProjectSection(SolutionItems) = preProject
		nugetbuild.bat = nugetbuild.bat
	EndProjectSection
EndProject
Global
	GlobalSection(SolutionConfigurationPlatforms) = preSolution
		Debug|Any CPU = Debug|Any CPU
		Release|Any CPU = Release|Any CPU
	EndGlobalSection
	GlobalSection(ProjectConfigurationPlatforms) = postSolution
		{71195711-657D-461B-B3B8-78D4C1B57470}.Debug|Any CPU.ActiveCfg = Debug|Any CPU
		{71195711-657D-461B-B3B8-78D4C1B57470}.Debug|Any CPU.Build.0 = Debug|Any CPU
		{71195711-657D-461B-B3B8-78D4C1B57470}.Release|Any CPU.ActiveCfg = Release|Any CPU
		{71195711-657D-461B-B3B8-78D4C1B57470}.Release|Any CPU.Build.0 = Release|Any CPU
		{5B27BE7C-C276-4B84-AD07-0757B4C2EC6D}.Debug|Any CPU.ActiveCfg = Debug|Any CPU
		{5B27BE7C-C276-4B84-AD07-0757B4C2EC6D}.Debug|Any CPU.Build.0 = Debug|Any CPU
		{5B27BE7C-C276-4B84-AD07-0757B4C2EC6D}.Release|Any CPU.ActiveCfg = Release|Any CPU
		{5B27BE7C-C276-4B84-AD07-0757B4C2EC6D}.Release|Any CPU.Build.0 = Release|Any CPU
		{E507F36D-4E07-4C7F-8816-6713A2DC68C3}.Debug|Any CPU.ActiveCfg = Debug|Any CPU
		{E507F36D-4E07-4C7F-8816-6713A2DC68C3}.Debug|Any CPU.Build.0 = Debug|Any CPU
		{E507F36D-4E07-4C7F-8816-6713A2DC68C3}.Release|Any CPU.ActiveCfg = Release|Any CPU
		{E507F36D-4E07-4C7F-8816-6713A2DC68C3}.Release|Any CPU.Build.0 = Release|Any CPU
		{B63E3A75-37B5-4AD2-9633-87B4F2DEED20}.Debug|Any CPU.ActiveCfg = Debug|Any CPU
		{B63E3A75-37B5-4AD2-9633-87B4F2DEED20}.Debug|Any CPU.Build.0 = Debug|Any CPU
		{B63E3A75-37B5-4AD2-9633-87B4F2DEED20}.Release|Any CPU.ActiveCfg = Release|Any CPU
		{B63E3A75-37B5-4AD2-9633-87B4F2DEED20}.Release|Any CPU.Build.0 = Release|Any CPU
	EndGlobalSection
	GlobalSection(SolutionProperties) = preSolution
		HideSolutionNode = FALSE
	EndGlobalSection
EndGlobal
